// !$*UTF8*$!
{
	archiveVersion = 1;
	classes = {
	};
	objectVersion = 55;
	objects = {

/* Begin PBXBuildFile section */
		3D121E012744F0DC00B89A2A /* AppDelegate.swift in Sources */ = {isa = PBXBuildFile; fileRef = 3D121E002744F0DC00B89A2A /* AppDelegate.swift */; };
		3D121E032744F0DC00B89A2A /* SceneDelegate.swift in Sources */ = {isa = PBXBuildFile; fileRef = 3D121E022744F0DC00B89A2A /* SceneDelegate.swift */; };
		3D121E052744F0DC00B89A2A /* ViewController.swift in Sources */ = {isa = PBXBuildFile; fileRef = 3D121E042744F0DC00B89A2A /* ViewController.swift */; };
		3D121E082744F0DC00B89A2A /* Main.storyboard in Resources */ = {isa = PBXBuildFile; fileRef = 3D121E062744F0DC00B89A2A /* Main.storyboard */; };
		3D121E0A2744F0DF00B89A2A /* Assets.xcassets in Resources */ = {isa = PBXBuildFile; fileRef = 3D121E092744F0DF00B89A2A /* Assets.xcassets */; };
		3D121E0D2744F0DF00B89A2A /* LaunchScreen.storyboard in Resources */ = {isa = PBXBuildFile; fileRef = 3D121E0B2744F0DF00B89A2A /* LaunchScreen.storyboard */; };
		3D2749812745DDAC003F63E0 /* ReportBrain.swift in Sources */ = {isa = PBXBuildFile; fileRef = 3D2749802745DDAC003F63E0 /* ReportBrain.swift */; };
		3D7ED35D274E5C7B0019A004 /* 64970-electric-scooter-baloon.json in Resources */ = {isa = PBXBuildFile; fileRef = 3D7ED35C274E5C7B0019A004 /* 64970-electric-scooter-baloon.json */; };
		B8157987A5EF0520949FA62C /* Pods_SSS.framework in Frameworks */ = {isa = PBXBuildFile; fileRef = CBCF7E16E304BACE0B4D6E44 /* Pods_SSS.framework */; };
/* End PBXBuildFile section */

/* Begin PBXFileReference section */
		3D121DFD2744F0DC00B89A2A /* SSS.app */ = {isa = PBXFileReference; explicitFileType = wrapper.application; includeInIndex = 0; path = SSS.app; sourceTree = BUILT_PRODUCTS_DIR; };
		3D121E002744F0DC00B89A2A /* AppDelegate.swift */ = {isa = PBXFileReference; lastKnownFileType = sourcecode.swift; path = AppDelegate.swift; sourceTree = "<group>"; };
		3D121E022744F0DC00B89A2A /* SceneDelegate.swift */ = {isa = PBXFileReference; lastKnownFileType = sourcecode.swift; path = SceneDelegate.swift; sourceTree = "<group>"; };
		3D121E042744F0DC00B89A2A /* ViewController.swift */ = {isa = PBXFileReference; lastKnownFileType = sourcecode.swift; path = ViewController.swift; sourceTree = "<group>"; };
		3D121E072744F0DC00B89A2A /* Base */ = {isa = PBXFileReference; lastKnownFileType = file.storyboard; name = Base; path = Base.lproj/Main.storyboard; sourceTree = "<group>"; };
		3D121E092744F0DF00B89A2A /* Assets.xcassets */ = {isa = PBXFileReference; lastKnownFileType = folder.assetcatalog; path = Assets.xcassets; sourceTree = "<group>"; };
		3D121E0C2744F0DF00B89A2A /* Base */ = {isa = PBXFileReference; lastKnownFileType = file.storyboard; name = Base; path = Base.lproj/LaunchScreen.storyboard; sourceTree = "<group>"; };
		3D121E0E2744F0DF00B89A2A /* Info.plist */ = {isa = PBXFileReference; lastKnownFileType = text.plist.xml; path = Info.plist; sourceTree = "<group>"; };
		3D2749802745DDAC003F63E0 /* ReportBrain.swift */ = {isa = PBXFileReference; lastKnownFileType = sourcecode.swift; path = ReportBrain.swift; sourceTree = "<group>"; };
		3D7ED35C274E5C7B0019A004 /* 64970-electric-scooter-baloon.json */ = {isa = PBXFileReference; fileEncoding = 4; lastKnownFileType = text.json; path = "64970-electric-scooter-baloon.json"; sourceTree = "<group>"; };
		5874C9FC3F49BE80F85C8C36 /* Pods-SSS.debug.xcconfig */ = {isa = PBXFileReference; includeInIndex = 1; lastKnownFileType = text.xcconfig; name = "Pods-SSS.debug.xcconfig"; path = "Target Support Files/Pods-SSS/Pods-SSS.debug.xcconfig"; sourceTree = "<group>"; };
		59C3568B8F779B1589DF7DC5 /* Pods-SSS.release.xcconfig */ = {isa = PBXFileReference; includeInIndex = 1; lastKnownFileType = text.xcconfig; name = "Pods-SSS.release.xcconfig"; path = "Target Support Files/Pods-SSS/Pods-SSS.release.xcconfig"; sourceTree = "<group>"; };
		CBCF7E16E304BACE0B4D6E44 /* Pods_SSS.framework */ = {isa = PBXFileReference; explicitFileType = wrapper.framework; includeInIndex = 0; path = Pods_SSS.framework; sourceTree = BUILT_PRODUCTS_DIR; };
/* End PBXFileReference section */

/* Begin PBXFrameworksBuildPhase section */
		3D121DFA2744F0DC00B89A2A /* Frameworks */ = {
			isa = PBXFrameworksBuildPhase;
			buildActionMask = 2147483647;
			files = (
				B8157987A5EF0520949FA62C /* Pods_SSS.framework in Frameworks */,
			);
			runOnlyForDeploymentPostprocessing = 0;
		};
/* End PBXFrameworksBuildPhase section */

/* Begin PBXGroup section */
		331B5A9246CBE38F34722484 /* Pods */ = {
			isa = PBXGroup;
			children = (
				5874C9FC3F49BE80F85C8C36 /* Pods-SSS.debug.xcconfig */,
				59C3568B8F779B1589DF7DC5 /* Pods-SSS.release.xcconfig */,
			);
			path = Pods;
			sourceTree = "<group>";
		};
		3D121DF42744F0DC00B89A2A = {
			isa = PBXGroup;
			children = (
				3D121DFF2744F0DC00B89A2A /* SSS */,
				3D121DFE2744F0DC00B89A2A /* Products */,
				331B5A9246CBE38F34722484 /* Pods */,
				9694E7A823BA13DA4EC26988 /* Frameworks */,
			);
			sourceTree = "<group>";
		};
		3D121DFE2744F0DC00B89A2A /* Products */ = {
			isa = PBXGroup;
			children = (
				3D121DFD2744F0DC00B89A2A /* SSS.app */,
			);
			name = Products;
			sourceTree = "<group>";
		};
		3D121DFF2744F0DC00B89A2A /* SSS */ = {
			isa = PBXGroup;
			children = (
				3D7ED35C274E5C7B0019A004 /* 64970-electric-scooter-baloon.json */,
				3D121E142745D93200B89A2A /* Model */,
				3D121E152745D94000B89A2A /* VIew */,
				3D121E162745D94700B89A2A /* Controller */,
				3D121E002744F0DC00B89A2A /* AppDelegate.swift */,
				3D121E022744F0DC00B89A2A /* SceneDelegate.swift */,
				3D121E092744F0DF00B89A2A /* Assets.xcassets */,
				3D121E0B2744F0DF00B89A2A /* LaunchScreen.storyboard */,
				3D121E0E2744F0DF00B89A2A /* Info.plist */,
			);
			path = SSS;
			sourceTree = "<group>";
		};
		3D121E142745D93200B89A2A /* Model */ = {
			isa = PBXGroup;
			children = (
				3D2749802745DDAC003F63E0 /* ReportBrain.swift */,
			);
			path = Model;
			sourceTree = "<group>";
		};
		3D121E152745D94000B89A2A /* VIew */ = {
			isa = PBXGroup;
			children = (
				3D121E062744F0DC00B89A2A /* Main.storyboard */,
			);
			path = VIew;
			sourceTree = "<group>";
		};
		3D121E162745D94700B89A2A /* Controller */ = {
			isa = PBXGroup;
			children = (
				3D121E042744F0DC00B89A2A /* ViewController.swift */,
			);
			path = Controller;
			sourceTree = "<group>";
		};
		9694E7A823BA13DA4EC26988 /* Frameworks */ = {
			isa = PBXGroup;
			children = (
				CBCF7E16E304BACE0B4D6E44 /* Pods_SSS.framework */,
			);
			name = Frameworks;
			sourceTree = "<group>";
		};
/* End PBXGroup section */

/* Begin PBXNativeTarget section */
		3D121DFC2744F0DC00B89A2A /* SSS */ = {
			isa = PBXNativeTarget;
			buildConfigurationList = 3D121E112744F0DF00B89A2A /* Build configuration list for PBXNativeTarget "SSS" */;
			buildPhases = (
				604EDB15B44AB80412B71602 /* [CP] Check Pods Manifest.lock */,
				3D121DF92744F0DC00B89A2A /* Sources */,
				3D121DFA2744F0DC00B89A2A /* Frameworks */,
				3D121DFB2744F0DC00B89A2A /* Resources */,
				C05D76608ECE53686FD523FA /* [CP] Embed Pods Frameworks */,
			);
			buildRules = (
			);
			dependencies = (
			);
			name = SSS;
			productName = SSS;
			productReference = 3D121DFD2744F0DC00B89A2A /* SSS.app */;
			productType = "com.apple.product-type.application";
		};
/* End PBXNativeTarget section */

/* Begin PBXProject section */
		3D121DF52744F0DC00B89A2A /* Project object */ = {
			isa = PBXProject;
			attributes = {
				BuildIndependentTargetsInParallel = 1;
				LastSwiftUpdateCheck = 1310;
				LastUpgradeCheck = 1310;
				TargetAttributes = {
					3D121DFC2744F0DC00B89A2A = {
						CreatedOnToolsVersion = 13.1;
					};
				};
			};
			buildConfigurationList = 3D121DF82744F0DC00B89A2A /* Build configuration list for PBXProject "SSS" */;
			compatibilityVersion = "Xcode 13.0";
			developmentRegion = en;
			hasScannedForEncodings = 0;
			knownRegions = (
				en,
				Base,
			);
			mainGroup = 3D121DF42744F0DC00B89A2A;
			productRefGroup = 3D121DFE2744F0DC00B89A2A /* Products */;
			projectDirPath = "";
			projectRoot = "";
			targets = (
				3D121DFC2744F0DC00B89A2A /* SSS */,
			);
		};
/* End PBXProject section */

/* Begin PBXResourcesBuildPhase section */
		3D121DFB2744F0DC00B89A2A /* Resources */ = {
			isa = PBXResourcesBuildPhase;
			buildActionMask = 2147483647;
			files = (
				3D7ED35D274E5C7B0019A004 /* 64970-electric-scooter-baloon.json in Resources */,
				3D121E0D2744F0DF00B89A2A /* LaunchScreen.storyboard in Resources */,
				3D121E0A2744F0DF00B89A2A /* Assets.xcassets in Resources */,
				3D121E082744F0DC00B89A2A /* Main.storyboard in Resources */,
			);
			runOnlyForDeploymentPostprocessing = 0;
		};
/* End PBXResourcesBuildPhase section */

/* Begin PBXShellScriptBuildPhase section */
		604EDB15B44AB80412B71602 /* [CP] Check Pods Manifest.lock */ = {
			isa = PBXShellScriptBuildPhase;
			buildActionMask = 2147483647;
			files = (
			);
			inputFileListPaths = (
			);
			inputPaths = (
				"${PODS_PODFILE_DIR_PATH}/Podfile.lock",
				"${PODS_ROOT}/Manifest.lock",
			);
			name = "[CP] Check Pods Manifest.lock";
			outputFileListPaths = (
			);
			outputPaths = (
				"$(DERIVED_FILE_DIR)/Pods-SSS-checkManifestLockResult.txt",
			);
			runOnlyForDeploymentPostprocessing = 0;
			shellPath = /bin/sh;
			shellScript = "diff \"${PODS_PODFILE_DIR_PATH}/Podfile.lock\" \"${PODS_ROOT}/Manifest.lock\" > /dev/null\nif [ $? != 0 ] ; then\n    # print error to STDERR\n    echo \"error: The sandbox is not in sync with the Podfile.lock. Run 'pod install' or update your CocoaPods installation.\" >&2\n    exit 1\nfi\n# This output is used by Xcode 'outputs' to avoid re-running this script phase.\necho \"SUCCESS\" > \"${SCRIPT_OUTPUT_FILE_0}\"\n";
			showEnvVarsInLog = 0;
		};
		C05D76608ECE53686FD523FA /* [CP] Embed Pods Frameworks */ = {
			isa = PBXShellScriptBuildPhase;
			buildActionMask = 2147483647;
			files = (
			);
			inputFileListPaths = (
				"${PODS_ROOT}/Target Support Files/Pods-SSS/Pods-SSS-frameworks-${CONFIGURATION}-input-files.xcfilelist",
			);
			name = "[CP] Embed Pods Frameworks";
			outputFileListPaths = (
				"${PODS_ROOT}/Target Support Files/Pods-SSS/Pods-SSS-frameworks-${CONFIGURATION}-output-files.xcfilelist",
			);
			runOnlyForDeploymentPostprocessing = 0;
			shellPath = /bin/sh;
			shellScript = "\"${PODS_ROOT}/Target Support Files/Pods-SSS/Pods-SSS-frameworks.sh\"\n";
			showEnvVarsInLog = 0;
		};
/* End PBXShellScriptBuildPhase section */

/* Begin PBXSourcesBuildPhase section */
		3D121DF92744F0DC00B89A2A /* Sources */ = {
			isa = PBXSourcesBuildPhase;
			buildActionMask = 2147483647;
			files = (
				3D2749812745DDAC003F63E0 /* ReportBrain.swift in Sources */,
				3D121E052744F0DC00B89A2A /* ViewController.swift in Sources */,
				3D121E012744F0DC00B89A2A /* AppDelegate.swift in Sources */,
				3D121E032744F0DC00B89A2A /* SceneDelegate.swift in Sources */,
			);
			runOnlyForDeploymentPostprocessing = 0;
		};
/* End PBXSourcesBuildPhase section */

/* Begin PBXVariantGroup section */
		3D121E062744F0DC00B89A2A /* Main.storyboard */ = {
			isa = PBXVariantGroup;
			children = (
				3D121E072744F0DC00B89A2A /* Base */,
			);
			name = Main.storyboard;
			sourceTree = "<group>";
		};
		3D121E0B2744F0DF00B89A2A /* LaunchScreen.storyboard */ = {
			isa = PBXVariantGroup;
			children = (
				3D121E0C2744F0DF00B89A2A /* Base */,
			);
			name = LaunchScreen.storyboard;
			sourceTree = "<group>";
		};
/* End PBXVariantGroup section */

/* Begin XCBuildConfiguration section */
		3D121E0F2744F0DF00B89A2A /* Debug */ = {
			isa = XCBuildConfiguration;
			buildSettings = {
				ALWAYS_SEARCH_USER_PATHS = NO;
				CLANG_ANALYZER_NONNULL = YES;
				CLANG_ANALYZER_NUMBER_OBJECT_CONVERSION = YES_AGGRESSIVE;
				CLANG_CXX_LANGUAGE_STANDARD = "gnu++17";
				CLANG_CXX_LIBRARY = "libc++";
				CLANG_ENABLE_MODULES = YES;
				CLANG_ENABLE_OBJC_ARC = YES;
				CLANG_ENABLE_OBJC_WEAK = YES;
				CLANG_WARN_BLOCK_CAPTURE_AUTORELEASING = YES;
				CLANG_WARN_BOOL_CONVERSION = YES;
				CLANG_WARN_COMMA = YES;
				CLANG_WARN_CONSTANT_CONVERSION = YES;
				CLANG_WARN_DEPRECATED_OBJC_IMPLEMENTATIONS = YES;
				CLANG_WARN_DIRECT_OBJC_ISA_USAGE = YES_ERROR;
				CLANG_WARN_DOCUMENTATION_COMMENTS = YES;
				CLANG_WARN_EMPTY_BODY = YES;
				CLANG_WARN_ENUM_CONVERSION = YES;
				CLANG_WARN_INFINITE_RECURSION = YES;
				CLANG_WARN_INT_CONVERSION = YES;
				CLANG_WARN_NON_LITERAL_NULL_CONVERSION = YES;
				CLANG_WARN_OBJC_IMPLICIT_RETAIN_SELF = YES;
				CLANG_WARN_OBJC_LITERAL_CONVERSION = YES;
				CLANG_WARN_OBJC_ROOT_CLASS = YES_ERROR;
				CLANG_WARN_QUOTED_INCLUDE_IN_FRAMEWORK_HEADER = YES;
				CLANG_WARN_RANGE_LOOP_ANALYSIS = YES;
				CLANG_WARN_STRICT_PROTOTYPES = YES;
				CLANG_WARN_SUSPICIOUS_MOVE = YES;
				CLANG_WARN_UNGUARDED_AVAILABILITY = YES_AGGRESSIVE;
				CLANG_WARN_UNREACHABLE_CODE = YES;
				CLANG_WARN__DUPLICATE_METHOD_MATCH = YES;
				COPY_PHASE_STRIP = NO;
				DEBUG_INFORMATION_FORMAT = dwarf;
				ENABLE_STRICT_OBJC_MSGSEND = YES;
				ENABLE_TESTABILITY = YES;
				GCC_C_LANGUAGE_STANDARD = gnu11;
				GCC_DYNAMIC_NO_PIC = NO;
				GCC_NO_COMMON_BLOCKS = YES;
				GCC_OPTIMIZATION_LEVEL = 0;
				GCC_PREPROCESSOR_DEFINITIONS = (
					"DEBUG=1",
					"$(inherited)",
				);
				GCC_WARN_64_TO_32_BIT_CONVERSION = YES;
				GCC_WARN_ABOUT_RETURN_TYPE = YES_ERROR;
				GCC_WARN_UNDECLARED_SELECTOR = YES;
				GCC_WARN_UNINITIALIZED_AUTOS = YES_AGGRESSIVE;
				GCC_WARN_UNUSED_FUNCTION = YES;
				GCC_WARN_UNUSED_VARIABLE = YES;
				IPHONEOS_DEPLOYMENT_TARGET = 15.0;
				MTL_ENABLE_DEBUG_INFO = INCLUDE_SOURCE;
				MTL_FAST_MATH = YES;
				ONLY_ACTIVE_ARCH = YES;
				SDKROOT = iphoneos;
				SWIFT_ACTIVE_COMPILATION_CONDITIONS = DEBUG;
				SWIFT_OPTIMIZATION_LEVEL = "-Onone";
			};
			name = Debug;
		};
		3D121E102744F0DF00B89A2A /* Release */ = {
			isa = XCBuildConfiguration;
			buildSettings = {
				ALWAYS_SEARCH_USER_PATHS = NO;
				CLANG_ANALYZER_NONNULL = YES;
				CLANG_ANALYZER_NUMBER_OBJECT_CONVERSION = YES_AGGRESSIVE;
				CLANG_CXX_LANGUAGE_STANDARD = "gnu++17";
				CLANG_CXX_LIBRARY = "libc++";
				CLANG_ENABLE_MODULES = YES;
				CLANG_ENABLE_OBJC_ARC = YES;
				CLANG_ENABLE_OBJC_WEAK = YES;
				CLANG_WARN_BLOCK_CAPTURE_AUTORELEASING = YES;
				CLANG_WARN_BOOL_CONVERSION = YES;
				CLANG_WARN_COMMA = YES;
				CLANG_WARN_CONSTANT_CONVERSION = YES;
				CLANG_WARN_DEPRECATED_OBJC_IMPLEMENTATIONS = YES;
				CLANG_WARN_DIRECT_OBJC_ISA_USAGE = YES_ERROR;
				CLANG_WARN_DOCUMENTATION_COMMENTS = YES;
				CLANG_WARN_EMPTY_BODY = YES;
				CLANG_WARN_ENUM_CONVERSION = YES;
				CLANG_WARN_INFINITE_RECURSION = YES;
				CLANG_WARN_INT_CONVERSION = YES;
				CLANG_WARN_NON_LITERAL_NULL_CONVERSION = YES;
				CLANG_WARN_OBJC_IMPLICIT_RETAIN_SELF = YES;
				CLANG_WARN_OBJC_LITERAL_CONVERSION = YES;
				CLANG_WARN_OBJC_ROOT_CLASS = YES_ERROR;
				CLANG_WARN_QUOTED_INCLUDE_IN_FRAMEWORK_HEADER = YES;
				CLANG_WARN_RANGE_LOOP_ANALYSIS = YES;
				CLANG_WARN_STRICT_PROTOTYPES = YES;
				CLANG_WARN_SUSPICIOUS_MOVE = YES;
				CLANG_WARN_UNGUARDED_AVAILABILITY = YES_AGGRESSIVE;
				CLANG_WARN_UNREACHABLE_CODE = YES;
				CLANG_WARN__DUPLICATE_METHOD_MATCH = YES;
				COPY_PHASE_STRIP = NO;
				DEBUG_INFORMATION_FORMAT = "dwarf-with-dsym";
				ENABLE_NS_ASSERTIONS = NO;
				ENABLE_STRICT_OBJC_MSGSEND = YES;
				GCC_C_LANGUAGE_STANDARD = gnu11;
				GCC_NO_COMMON_BLOCKS = YES;
				GCC_WARN_64_TO_32_BIT_CONVERSION = YES;
				GCC_WARN_ABOUT_RETURN_TYPE = YES_ERROR;
				GCC_WARN_UNDECLARED_SELECTOR = YES;
				GCC_WARN_UNINITIALIZED_AUTOS = YES_AGGRESSIVE;
				GCC_WARN_UNUSED_FUNCTION = YES;
				GCC_WARN_UNUSED_VARIABLE = YES;
				IPHONEOS_DEPLOYMENT_TARGET = 15.0;
				MTL_ENABLE_DEBUG_INFO = NO;
				MTL_FAST_MATH = YES;
				SDKROOT = iphoneos;
				SWIFT_COMPILATION_MODE = wholemodule;
				SWIFT_OPTIMIZATION_LEVEL = "-O";
				VALIDATE_PRODUCT = YES;
			};
			name = Release;
		};
		3D121E122744F0DF00B89A2A /* Debug */ = {
			isa = XCBuildConfiguration;
			baseConfigurationReference = 5874C9FC3F49BE80F85C8C36 /* Pods-SSS.debug.xcconfig */;
			buildSettings = {
				ASSETCATALOG_COMPILER_APPICON_NAME = AppIcon;
				ASSETCATALOG_COMPILER_GLOBAL_ACCENT_COLOR_NAME = AccentColor;
				CODE_SIGN_STYLE = Automatic;
				CURRENT_PROJECT_VERSION = 1;
				DEVELOPMENT_TEAM = AH24YSXN5M;
				GENERATE_INFOPLIST_FILE = YES;
				INFOPLIST_FILE = SSS/Info.plist;
				INFOPLIST_KEY_UIApplicationSupportsIndirectInputEvents = YES;
				INFOPLIST_KEY_UILaunchStoryboardName = LaunchScreen;
				INFOPLIST_KEY_UIMainStoryboardFile = Main;
				INFOPLIST_KEY_UISupportedInterfaceOrientations_iPad = "UIInterfaceOrientationPortrait UIInterfaceOrientationPortraitUpsideDown UIInterfaceOrientationLandscapeLeft UIInterfaceOrientationLandscapeRight";
				INFOPLIST_KEY_UISupportedInterfaceOrientations_iPhone = "UIInterfaceOrientationPortrait UIInterfaceOrientationLandscapeLeft UIInterfaceOrientationLandscapeRight";
				LD_RUNPATH_SEARCH_PATHS = (
					"$(inherited)",
					"@executable_path/Frameworks",
				);
				MARKETING_VERSION = 1.0;
				PRODUCT_BUNDLE_IDENTIFIER = com.kang.SSS;
				PRODUCT_NAME = "$(TARGET_NAME)";
				SWIFT_EMIT_LOC_STRINGS = YES;
				SWIFT_VERSION = 5.0;
				TARGETED_DEVICE_FAMILY = "1,2";
			};
			name = Debug;
		};
		3D121E132744F0DF00B89A2A /* Release */ = {
			isa = XCBuildConfiguration;
			baseConfigurationReference = 59C3568B8F779B1589DF7DC5 /* Pods-SSS.release.xcconfig */;
			buildSettings = {
				ASSETCATALOG_COMPILER_APPICON_NAME = AppIcon;
				ASSETCATALOG_COMPILER_GLOBAL_ACCENT_COLOR_NAME = AccentColor;
				CODE_SIGN_STYLE = Automatic;
				CURRENT_PROJECT_VERSION = 1;
				DEVELOPMENT_TEAM = AH24YSXN5M;
				GENERATE_INFOPLIST_FILE = YES;
				INFOPLIST_FILE = SSS/Info.plist;
				INFOPLIST_KEY_UIApplicationSupportsIndirectInputEvents = YES;
				INFOPLIST_KEY_UILaunchStoryboardName = LaunchScreen;
				INFOPLIST_KEY_UIMainStoryboardFile = Main;
				INFOPLIST_KEY_UISupportedInterfaceOrientations_iPad = "UIInterfaceOrientationPortrait UIInterfaceOrientationPortraitUpsideDown UIInterfaceOrientationLandscapeLeft UIInterfaceOrientationLandscapeRight";
				INFOPLIST_KEY_UISupportedInterfaceOrientations_iPhone = "UIInterfaceOrientationPortrait UIInterfaceOrientationLandscapeLeft UIInterfaceOrientationLandscapeRight";
				LD_RUNPATH_SEARCH_PATHS = (
					"$(inherited)",
					"@executable_path/Frameworks",
				);
				MARKETING_VERSION = 1.0;
				PRODUCT_BUNDLE_IDENTIFIER = com.kang.SSS;
				PRODUCT_NAME = "$(TARGET_NAME)";
				SWIFT_EMIT_LOC_STRINGS = YES;
				SWIFT_VERSION = 5.0;
				TARGETED_DEVICE_FAMILY = "1,2";
			};
			name = Release;
		};
/* End XCBuildConfiguration section */

/* Begin XCConfigurationList section */
		3D121DF82744F0DC00B89A2A /* Build configuration list for PBXProject "SSS" */ = {
			isa = XCConfigurationList;
			buildConfigurations = (
				3D121E0F2744F0DF00B89A2A /* Debug */,
				3D121E102744F0DF00B89A2A /* Release */,
			);
			defaultConfigurationIsVisible = 0;
			defaultConfigurationName = Release;
		};
		3D121E112744F0DF00B89A2A /* Build configuration list for PBXNativeTarget "SSS" */ = {
			isa = XCConfigurationList;
			buildConfigurations = (
				3D121E122744F0DF00B89A2A /* Debug */,
				3D121E132744F0DF00B89A2A /* Release */,
			);
			defaultConfigurationIsVisible = 0;
			defaultConfigurationName = Release;
		};
/* End XCConfigurationList section */
	};
	rootObject = 3D121DF52744F0DC00B89A2A /* Project object */;
}
